// !$*UTF8*$!
{
	archiveVersion = 1;
	classes = {
	};
	objectVersion = 50;
	objects = {

/* Begin PBXBuildFile section */
		0139CD332705205100570585 /* ViewController.swift in Sources */ = {isa = PBXBuildFile; fileRef = 01BBECC126FBFEE600E1D496 /* ViewController.swift */; };
		01BBECBE26FBFEE600E1D496 /* AppDelegate.swift in Sources */ = {isa = PBXBuildFile; fileRef = 01BBECBD26FBFEE600E1D496 /* AppDelegate.swift */; };
		01BBECC026FBFEE600E1D496 /* SceneDelegate.swift in Sources */ = {isa = PBXBuildFile; fileRef = 01BBECBF26FBFEE600E1D496 /* SceneDelegate.swift */; };
		01BBECC526FBFEE600E1D496 /* Main.storyboard in Resources */ = {isa = PBXBuildFile; fileRef = 01BBECC326FBFEE600E1D496 /* Main.storyboard */; };
		01BBECC726FBFEEA00E1D496 /* Assets.xcassets in Resources */ = {isa = PBXBuildFile; fileRef = 01BBECC626FBFEEA00E1D496 /* Assets.xcassets */; };
		01BBECCA26FBFEEA00E1D496 /* LaunchScreen.storyboard in Resources */ = {isa = PBXBuildFile; fileRef = 01BBECC826FBFEEA00E1D496 /* LaunchScreen.storyboard */; };
/* End PBXBuildFile section */

/* Begin PBXFileReference section */
		01BBECBA26FBFEE600E1D496 /* CoinFlip.app */ = {isa = PBXFileReference; explicitFileType = wrapper.application; includeInIndex = 0; path = CoinFlip.app; sourceTree = BUILT_PRODUCTS_DIR; };
		01BBECBD26FBFEE600E1D496 /* AppDelegate.swift */ = {isa = PBXFileReference; lastKnownFileType = sourcecode.swift; path = AppDelegate.swift; sourceTree = "<group>"; };
		01BBECBF26FBFEE600E1D496 /* SceneDelegate.swift */ = {isa = PBXFileReference; lastKnownFileType = sourcecode.swift; path = SceneDelegate.swift; sourceTree = "<group>"; };
		01BBECC126FBFEE600E1D496 /* ViewController.swift */ = {isa = PBXFileReference; lastKnownFileType = sourcecode.swift; path = ViewController.swift; sourceTree = "<group>"; };
		01BBECC426FBFEE600E1D496 /* Base */ = {isa = PBXFileReference; lastKnownFileType = file.storyboard; name = Base; path = Base.lproj/Main.storyboard; sourceTree = "<group>"; };
		01BBECC626FBFEEA00E1D496 /* Assets.xcassets */ = {isa = PBXFileReference; lastKnownFileType = folder.assetcatalog; path = Assets.xcassets; sourceTree = "<group>"; };
		01BBECC926FBFEEA00E1D496 /* Base */ = {isa = PBXFileReference; lastKnownFileType = file.storyboard; name = Base; path = Base.lproj/LaunchScreen.storyboard; sourceTree = "<group>"; };
		01BBECCB26FBFEEA00E1D496 /* Info.plist */ = {isa = PBXFileReference; lastKnownFileType = text.plist.xml; path = Info.plist; sourceTree = "<group>"; };
/* End PBXFileReference section */

/* Begin PBXFrameworksBuildPhase section */
		01BBECB726FBFEE600E1D496 /* Frameworks */ = {
			isa = PBXFrameworksBuildPhase;
			buildActionMask = 2147483647;
			files = (
			);
			runOnlyForDeploymentPostprocessing = 0;
		};
/* End PBXFrameworksBuildPhase section */

/* Begin PBXGroup section */
		01BBECB126FBFEE600E1D496 = {
			isa = PBXGroup;
			children = (
				01BBECBC26FBFEE600E1D496 /* CoinFlip */,
				01BBECBB26FBFEE600E1D496 /* Products */,
			);
			sourceTree = "<group>";
		};
		01BBECBB26FBFEE600E1D496 /* Products */ = {
			isa = PBXGroup;
			children = (
				01BBECBA26FBFEE600E1D496 /* CoinFlip.app */,
			);
			name = Products;
			sourceTree = "<group>";
		};
		01BBECBC26FBFEE600E1D496 /* CoinFlip */ = {
			isa = PBXGroup;
			children = (
				01BBECBD26FBFEE600E1D496 /* AppDelegate.swift */,
				01BBECBF26FBFEE600E1D496 /* SceneDelegate.swift */,
				01BBECC126FBFEE600E1D496 /* ViewController.swift */,
				01BBECC326FBFEE600E1D496 /* Main.storyboard */,
				01BBECC626FBFEEA00E1D496 /* Assets.xcassets */,
				01BBECC826FBFEEA00E1D496 /* LaunchScreen.storyboard */,
				01BBECCB26FBFEEA00E1D496 /* Info.plist */,
			);
			path = CoinFlip;
			sourceTree = "<group>";
		};
/* End PBXGroup section */

/* Begin PBXNativeTarget section */
		01BBECB926FBFEE600E1D496 /* CoinFlip */ = {
			isa = PBXNativeTarget;
			buildConfigurationList = 01BBECCE26FBFEEA00E1D496 /* Build configuration list for PBXNativeTarget "CoinFlip" */;
			buildPhases = (
				01BBECB626FBFEE600E1D496 /* Sources */,
				01BBECB726FBFEE600E1D496 /* Frameworks */,
				01BBECB826FBFEE600E1D496 /* Resources */,
			);
			buildRules = (
			);
			dependencies = (
			);
			name = CoinFlip;
			productName = CoinFlip;
			productReference = 01BBECBA26FBFEE600E1D496 /* CoinFlip.app */;
			productType = "com.apple.product-type.application";
		};
/* End PBXNativeTarget section */

/* Begin PBXProject section */
		01BBECB226FBFEE600E1D496 /* Project object */ = {
			isa = PBXProject;
			attributes = {
				LastSwiftUpdateCheck = 1250;
				LastUpgradeCheck = 1250;
				TargetAttributes = {
					01BBECB926FBFEE600E1D496 = {
						CreatedOnToolsVersion = 12.5.1;
					};
				};
			};
			buildConfigurationList = 01BBECB526FBFEE600E1D496 /* Build configuration list for PBXProject "CoinFlip" */;
			compatibilityVersion = "Xcode 9.3";
			developmentRegion = en;
			hasScannedForEncodings = 0;
			knownRegions = (
				en,
				Base,
			);
			mainGroup = 01BBECB126FBFEE600E1D496;
			productRefGroup = 01BBECBB26FBFEE600E1D496 /* Products */;
			projectDirPath = "";
			projectRoot = "";
			targets = (
				01BBECB926FBFEE600E1D496 /* CoinFlip */,
			);
		};
/* End PBXProject section */

/* Begin PBXResourcesBuildPhase section */
		01BBECB826FBFEE600E1D496 /* Resources */ = {
			isa = PBXResourcesBuildPhase;
			buildActionMask = 2147483647;
			files = (
				01BBECCA26FBFEEA00E1D496 /* LaunchScreen.storyboard in Resources */,
				01BBECC726FBFEEA00E1D496 /* Assets.xcassets in Resources */,
				01BBECC526FBFEE600E1D496 /* Main.storyboard in Resources */,
			);
			runOnlyForDeploymentPostprocessing = 0;
		};
/* End PBXResourcesBuildPhase section */

/* Begin PBXSourcesBuildPhase section */
		01BBECB626FBFEE600E1D496 /* Sources */ = {
			isa = PBXSourcesBuildPhase;
			buildActionMask = 2147483647;
			files = (
				0139CD332705205100570585 /* ViewController.swift in Sources */,
				01BBECBE26FBFEE600E1D496 /* AppDelegate.swift in Sources */,
				01BBECC026FBFEE600E1D496 /* SceneDelegate.swift in Sources */,
			);
			runOnlyForDeploymentPostprocessing = 0;
		};
/* End PBXSourcesBuildPhase section */

/* Begin PBXVariantGroup section */
		01BBECC326FBFEE600E1D496 /* Main.storyboard */ = {
			isa = PBXVariantGroup;
			children = (
				01BBECC426FBFEE600E1D496 /* Base */,
			);
			name = Main.storyboard;
			sourceTree = "<group>";
		};
		01BBECC826FBFEEA00E1D496 /* LaunchScreen.storyboard */ = {
			isa = PBXVariantGroup;
			children = (
				01BBECC926FBFEEA00E1D496 /* Base */,
			);
			name = LaunchScreen.storyboard;
			sourceTree = "<group>";
		};
/* End PBXVariantGroup section */

/* Begin XCBuildConfiguration section */
		01BBECCC26FBFEEA00E1D496 /* Debug */ = {
			isa = XCBuildConfiguration;
			buildSettings = {
				ALWAYS_SEARCH_USER_PATHS = NO;
				CLANG_ANALYZER_NONNULL = YES;
				CLANG_ANALYZER_NUMBER_OBJECT_CONVERSION = YES_AGGRESSIVE;
				CLANG_CXX_LANGUAGE_STANDARD = "gnu++14";
				CLANG_CXX_LIBRARY = "libc++";
				CLANG_ENABLE_MODULES = YES;
				CLANG_ENABLE_OBJC_ARC = YES;
				CLANG_ENABLE_OBJC_WEAK = YES;
				CLANG_WARN_BLOCK_CAPTURE_AUTORELEASING = YES;
				CLANG_WARN_BOOL_CONVERSION = YES;
				CLANG_WARN_COMMA = YES;
				CLANG_WARN_CONSTANT_CONVERSION = YES;
				CLANG_WARN_DEPRECATED_OBJC_IMPLEMENTATIONS = YES;
				CLANG_WARN_DIRECT_OBJC_ISA_USAGE = YES_ERROR;
				CLANG_WARN_DOCUMENTATION_COMMENTS = YES;
				CLANG_WARN_EMPTY_BODY = YES;
				CLANG_WARN_ENUM_CONVERSION = YES;
				CLANG_WARN_INFINITE_RECURSION = YES;
				CLANG_WARN_INT_CONVERSION = YES;
				CLANG_WARN_NON_LITERAL_NULL_CONVERSION = YES;
				CLANG_WARN_OBJC_IMPLICIT_RETAIN_SELF = YES;
				CLANG_WARN_OBJC_LITERAL_CONVERSION = YES;
				CLANG_WARN_OBJC_ROOT_CLASS = YES_ERROR;
				CLANG_WARN_QUOTED_INCLUDE_IN_FRAMEWORK_HEADER = YES;
				CLANG_WARN_RANGE_LOOP_ANALYSIS = YES;
				CLANG_WARN_STRICT_PROTOTYPES = YES;
				CLANG_WARN_SUSPICIOUS_MOVE = YES;
				CLANG_WARN_UNGUARDED_AVAILABILITY = YES_AGGRESSIVE;
				CLANG_WARN_UNREACHABLE_CODE = YES;
				CLANG_WARN__DUPLICATE_METHOD_MATCH = YES;
				COPY_PHASE_STRIP = NO;
				DEBUG_INFORMATION_FORMAT = dwarf;
				ENABLE_STRICT_OBJC_MSGSEND = YES;
				ENABLE_TESTABILITY = YES;
				GCC_C_LANGUAGE_STANDARD = gnu11;
				GCC_DYNAMIC_NO_PIC = NO;
				GCC_NO_COMMON_BLOCKS = YES;
				GCC_OPTIMIZATION_LEVEL = 0;
				GCC_PREPROCESSOR_DEFINITIONS = (
					"DEBUG=1",
					"$(inherited)",
				);
				GCC_WARN_64_TO_32_BIT_CONVERSION = YES;
				GCC_WARN_ABOUT_RETURN_TYPE = YES_ERROR;
				GCC_WARN_UNDECLARED_SELECTOR = YES;
				GCC_WARN_UNINITIALIZED_AUTOS = YES_AGGRESSIVE;
				GCC_WARN_UNUSED_FUNCTION = YES;
				GCC_WARN_UNUSED_VARIABLE = YES;
				IPHONEOS_DEPLOYMENT_TARGET = 14.5;
				MTL_ENABLE_DEBUG_INFO = INCLUDE_SOURCE;
				MTL_FAST_MATH = YES;
				ONLY_ACTIVE_ARCH = YES;
				SDKROOT = iphoneos;
				SWIFT_ACTIVE_COMPILATION_CONDITIONS = DEBUG;
				SWIFT_OPTIMIZATION_LEVEL = "-Onone";
			};
			name = Debug;
		};
		01BBECCD26FBFEEA00E1D496 /* Release */ = {
			isa = XCBuildConfiguration;
			buildSettings = {
				ALWAYS_SEARCH_USER_PATHS = NO;
				CLANG_ANALYZER_NONNULL = YES;
				CLANG_ANALYZER_NUMBER_OBJECT_CONVERSION = YES_AGGRESSIVE;
				CLANG_CXX_LANGUAGE_STANDARD = "gnu++14";
				CLANG_CXX_LIBRARY = "libc++";
				CLANG_ENABLE_MODULES = YES;
				CLANG_ENABLE_OBJC_ARC = YES;
				CLANG_ENABLE_OBJC_WEAK = YES;
				CLANG_WARN_BLOCK_CAPTURE_AUTORELEASING = YES;
				CLANG_WARN_BOOL_CONVERSION = YES;
				CLANG_WARN_COMMA = YES;
				CLANG_WARN_CONSTANT_CONVERSION = YES;
				CLANG_WARN_DEPRECATED_OBJC_IMPLEMENTATIONS = YES;
				CLANG_WARN_DIRECT_OBJC_ISA_USAGE = YES_ERROR;
				CLANG_WARN_DOCUMENTATION_COMMENTS = YES;
				CLANG_WARN_EMPTY_BODY = YES;
				CLANG_WARN_ENUM_CONVERSION = YES;
				CLANG_WARN_INFINITE_RECURSION = YES;
				CLANG_WARN_INT_CONVERSION = YES;
				CLANG_WARN_NON_LITERAL_NULL_CONVERSION = YES;
				CLANG_WARN_OBJC_IMPLICIT_RETAIN_SELF = YES;
				CLANG_WARN_OBJC_LITERAL_CONVERSION = YES;
				CLANG_WARN_OBJC_ROOT_CLASS = YES_ERROR;
				CLANG_WARN_QUOTED_INCLUDE_IN_FRAMEWORK_HEADER = YES;
				CLANG_WARN_RANGE_LOOP_ANALYSIS = YES;
				CLANG_WARN_STRICT_PROTOTYPES = YES;
				CLANG_WARN_SUSPICIOUS_MOVE = YES;
				CLANG_WARN_UNGUARDED_AVAILABILITY = YES_AGGRESSIVE;
				CLANG_WARN_UNREACHABLE_CODE = YES;
				CLANG_WARN__DUPLICATE_METHOD_MATCH = YES;
				COPY_PHASE_STRIP = NO;
				DEBUG_INFORMATION_FORMAT = "dwarf-with-dsym";
				ENABLE_NS_ASSERTIONS = NO;
				ENABLE_STRICT_OBJC_MSGSEND = YES;
				GCC_C_LANGUAGE_STANDARD = gnu11;
				GCC_NO_COMMON_BLOCKS = YES;
				GCC_WARN_64_TO_32_BIT_CONVERSION = YES;
				GCC_WARN_ABOUT_RETURN_TYPE = YES_ERROR;
				GCC_WARN_UNDECLARED_SELECTOR = YES;
				GCC_WARN_UNINITIALIZED_AUTOS = YES_AGGRESSIVE;
				GCC_WARN_UNUSED_FUNCTION = YES;
				GCC_WARN_UNUSED_VARIABLE = YES;
				IPHONEOS_DEPLOYMENT_TARGET = 14.5;
				MTL_ENABLE_DEBUG_INFO = NO;
				MTL_FAST_MATH = YES;
				SDKROOT = iphoneos;
				SWIFT_COMPILATION_MODE = wholemodule;
				SWIFT_OPTIMIZATION_LEVEL = "-O";
				VALIDATE_PRODUCT = YES;
			};
			name = Release;
		};
		01BBECCF26FBFEEA00E1D496 /* Debug */ = {
			isa = XCBuildConfiguration;
			buildSettings = {
				ASSETCATALOG_COMPILER_APPICON_NAME = AppIcon;
				ASSETCATALOG_COMPILER_GLOBAL_ACCENT_COLOR_NAME = AccentColor;
				CODE_SIGN_STYLE = Automatic;
				DEVELOPMENT_TEAM = 9NGPFAH268;
				INFOPLIST_FILE = CoinFlip/Info.plist;
				LD_RUNPATH_SEARCH_PATHS = (
					"$(inherited)",
					"@executable_path/Frameworks",
				);
				PRODUCT_BUNDLE_IDENTIFIER = com.karan.CoinFlip;
				PRODUCT_NAME = "$(TARGET_NAME)";
				SWIFT_VERSION = 5.0;
				TARGETED_DEVICE_FAMILY = "1,2";
			};
			name = Debug;
		};
		01BBECD026FBFEEA00E1D496 /* Release */ = {
			isa = XCBuildConfiguration;
			buildSettings = {
				ASSETCATALOG_COMPILER_APPICON_NAME = AppIcon;
				ASSETCATALOG_COMPILER_GLOBAL_ACCENT_COLOR_NAME = AccentColor;
				CODE_SIGN_STYLE = Automatic;
				DEVELOPMENT_TEAM = 9NGPFAH268;
				INFOPLIST_FILE = CoinFlip/Info.plist;
				LD_RUNPATH_SEARCH_PATHS = (
					"$(inherited)",
					"@executable_path/Frameworks",
				);
				PRODUCT_BUNDLE_IDENTIFIER = com.karan.CoinFlip;
				PRODUCT_NAME = "$(TARGET_NAME)";
				SWIFT_VERSION = 5.0;
				TARGETED_DEVICE_FAMILY = "1,2";
			};
			name = Release;
		};
/* End XCBuildConfiguration section */

/* Begin XCConfigurationList section */
		01BBECB526FBFEE600E1D496 /* Build configuration list for PBXProject "CoinFlip" */ = {
			isa = XCConfigurationList;
			buildConfigurations = (
				01BBECCC26FBFEEA00E1D496 /* Debug */,
				01BBECCD26FBFEEA00E1D496 /* Release */,
			);
			defaultConfigurationIsVisible = 0;
			defaultConfigurationName = Release;
		};
		01BBECCE26FBFEEA00E1D496 /* Build configuration list for PBXNativeTarget "CoinFlip" */ = {
			isa = XCConfigurationList;
			buildConfigurations = (
				01BBECCF26FBFEEA00E1D496 /* Debug */,
				01BBECD026FBFEEA00E1D496 /* Release */,
			);
			defaultConfigurationIsVisible = 0;
			defaultConfigurationName = Release;
		};
/* End XCConfigurationList section */
	};
	rootObject = 01BBECB226FBFEE600E1D496 /* Project object */;
}
